
Microsoft Visual Studio Solution File, Format Version 12.00
# Visual Studio 15
VisualStudioVersion = 15.0.28307.136
MinimumVisualStudioVersion = 10.0.40219.1
Project("{FAE04EC0-301F-11D3-BF4B-00C04F79EFBC}") = "GroupEventSearch", "GroupEventSearch\GroupEventSearch.csproj", "{CE017EC7-A377-4B41-B4BC-04D61EE315FF}"
EndProject
Global
	GlobalSection(SolutionConfigurationPlatforms) = preSolution
		Debug|Any CPU = Debug|Any CPU
		Release|Any CPU = Release|Any CPU
	EndGlobalSection
	GlobalSection(ProjectConfigurationPlatforms) = postSolution
		{CE017EC7-A377-4B41-B4BC-04D61EE315FF}.Debug|Any CPU.ActiveCfg = Debug|Any CPU
		{CE017EC7-A377-4B41-B4BC-04D61EE315FF}.Debug|Any CPU.Build.0 = Debug|Any CPU
		{CE017EC7-A377-4B41-B4BC-04D61EE315FF}.Release|Any CPU.ActiveCfg = Release|Any CPU
		{CE017EC7-A377-4B41-B4BC-04D61EE315FF}.Release|Any CPU.Build.0 = Release|Any CPU
	EndGlobalSection
	GlobalSection(SolutionProperties) = preSolution
		HideSolutionNode = FALSE
	EndGlobalSection
	GlobalSection(ExtensibilityGlobals) = postSolution
		SolutionGuid = {5850AAE0-4663-46C8-BE69-71648A8F0103}
	EndGlobalSection
EndGlobal
